
Microsoft Visual Studio Solution File, Format Version 12.00
# Visual Studio Version 17
VisualStudioVersion = 17.14.36301.6
MinimumVisualStudioVersion = 10.0.40219.1
Project("{2150E333-8FDC-42A3-9474-1A3956D46DE8}") = "src", "src", "{02EA681E-C7D8-13C7-8484-4AC65E1B71E8}"
EndProject
Project("{2150E333-8FDC-42A3-9474-1A3956D46DE8}") = "Core", "Core", "{4244EAFC-2CF4-45D9-9762-E261434B0807}"
EndProject
Project("{2150E333-8FDC-42A3-9474-1A3956D46DE8}") = "Infrastructure", "Infrastructure", "{F343881C-DC4D-4753-A267-D591059D311B}"
EndProject
Project("{2150E333-8FDC-42A3-9474-1A3956D46DE8}") = "Presentation", "Presentation", "{57CB00A0-1C77-4C70-ADEA-C489DEF79E74}"
EndProject
Project("{FAE04EC0-301F-11D3-BF4B-00C04F79EFBC}") = "Application", "Application\Application.csproj", "{E7F5D5E6-E5A0-4588-A2B2-6D0CC4292D9D}"
EndProject
Project("{FAE04EC0-301F-11D3-BF4B-00C04F79EFBC}") = "Domain", "Domain\Domain.csproj", "{5E1A3C7C-7AD3-4389-A1CA-AA68782B804B}"
EndProject
Project("{FAE04EC0-301F-11D3-BF4B-00C04F79EFBC}") = "Infrastructure", "Infrastructure\Infrastructure.csproj", "{68160852-FC6B-4F0D-B521-856026FE40A3}"
EndProject
Project("{FAE04EC0-301F-11D3-BF4B-00C04F79EFBC}") = "BlogApi", "BlogApi\BlogApi.csproj", "{3600E94F-85D5-4104-BDF0-1E74B5AE679C}"
EndProject
Project("{FAE04EC0-301F-11D3-BF4B-00C04F79EFBC}") = "Persistence", "Persistence\Persistence.csproj", "{493BEC27-0E80-435B-A76F-5392BA4BBC66}"
EndProject
Project("{2150E333-8FDC-42A3-9474-1A3956D46DE8}") = "Store procedure", "Store procedure", "{745C00B6-026E-428D-9EDF-98FA72DA2F70}"
	ProjectSection(SolutionItems) = preProject
		blog_create.sql = blog_create.sql
		delete_blog.sql = delete_blog.sql
		getPostById.sql = getPostById.sql
		updateBlog.sql = updateBlog.sql
	EndProjectSection
EndProject
Project("{2150E333-8FDC-42A3-9474-1A3956D46DE8}") = "project roadmap", "project roadmap", "{41F386C9-C2B4-4466-8017-8A13D457F331}"
	ProjectSection(SolutionItems) = preProject
		Tables.sql = Tables.sql
	EndProjectSection
EndProject
Global
	GlobalSection(SolutionConfigurationPlatforms) = preSolution
		Debug|Any CPU = Debug|Any CPU
		Release|Any CPU = Release|Any CPU
	EndGlobalSection
	GlobalSection(ProjectConfigurationPlatforms) = postSolution
		{E7F5D5E6-E5A0-4588-A2B2-6D0CC4292D9D}.Debug|Any CPU.ActiveCfg = Debug|Any CPU
		{E7F5D5E6-E5A0-4588-A2B2-6D0CC4292D9D}.Debug|Any CPU.Build.0 = Debug|Any CPU
		{E7F5D5E6-E5A0-4588-A2B2-6D0CC4292D9D}.Release|Any CPU.ActiveCfg = Release|Any CPU
		{E7F5D5E6-E5A0-4588-A2B2-6D0CC4292D9D}.Release|Any CPU.Build.0 = Release|Any CPU
		{5E1A3C7C-7AD3-4389-A1CA-AA68782B804B}.Debug|Any CPU.ActiveCfg = Debug|Any CPU
		{5E1A3C7C-7AD3-4389-A1CA-AA68782B804B}.Debug|Any CPU.Build.0 = Debug|Any CPU
		{5E1A3C7C-7AD3-4389-A1CA-AA68782B804B}.Release|Any CPU.ActiveCfg = Release|Any CPU
		{5E1A3C7C-7AD3-4389-A1CA-AA68782B804B}.Release|Any CPU.Build.0 = Release|Any CPU
		{68160852-FC6B-4F0D-B521-856026FE40A3}.Debug|Any CPU.ActiveCfg = Debug|Any CPU
		{68160852-FC6B-4F0D-B521-856026FE40A3}.Debug|Any CPU.Build.0 = Debug|Any CPU
		{68160852-FC6B-4F0D-B521-856026FE40A3}.Release|Any CPU.ActiveCfg = Release|Any CPU
		{68160852-FC6B-4F0D-B521-856026FE40A3}.Release|Any CPU.Build.0 = Release|Any CPU
		{3600E94F-85D5-4104-BDF0-1E74B5AE679C}.Debug|Any CPU.ActiveCfg = Debug|Any CPU
		{3600E94F-85D5-4104-BDF0-1E74B5AE679C}.Debug|Any CPU.Build.0 = Debug|Any CPU
		{3600E94F-85D5-4104-BDF0-1E74B5AE679C}.Release|Any CPU.ActiveCfg = Release|Any CPU
		{3600E94F-85D5-4104-BDF0-1E74B5AE679C}.Release|Any CPU.Build.0 = Release|Any CPU
		{493BEC27-0E80-435B-A76F-5392BA4BBC66}.Debug|Any CPU.ActiveCfg = Debug|Any CPU
		{493BEC27-0E80-435B-A76F-5392BA4BBC66}.Debug|Any CPU.Build.0 = Debug|Any CPU
		{493BEC27-0E80-435B-A76F-5392BA4BBC66}.Release|Any CPU.ActiveCfg = Release|Any CPU
		{493BEC27-0E80-435B-A76F-5392BA4BBC66}.Release|Any CPU.Build.0 = Release|Any CPU
	EndGlobalSection
	GlobalSection(SolutionProperties) = preSolution
		HideSolutionNode = FALSE
	EndGlobalSection
	GlobalSection(NestedProjects) = preSolution
		{4244EAFC-2CF4-45D9-9762-E261434B0807} = {02EA681E-C7D8-13C7-8484-4AC65E1B71E8}
		{F343881C-DC4D-4753-A267-D591059D311B} = {02EA681E-C7D8-13C7-8484-4AC65E1B71E8}
		{57CB00A0-1C77-4C70-ADEA-C489DEF79E74} = {02EA681E-C7D8-13C7-8484-4AC65E1B71E8}
		{E7F5D5E6-E5A0-4588-A2B2-6D0CC4292D9D} = {4244EAFC-2CF4-45D9-9762-E261434B0807}
		{5E1A3C7C-7AD3-4389-A1CA-AA68782B804B} = {4244EAFC-2CF4-45D9-9762-E261434B0807}
		{68160852-FC6B-4F0D-B521-856026FE40A3} = {F343881C-DC4D-4753-A267-D591059D311B}
		{3600E94F-85D5-4104-BDF0-1E74B5AE679C} = {57CB00A0-1C77-4C70-ADEA-C489DEF79E74}
		{493BEC27-0E80-435B-A76F-5392BA4BBC66} = {F343881C-DC4D-4753-A267-D591059D311B}
		{745C00B6-026E-428D-9EDF-98FA72DA2F70} = {F343881C-DC4D-4753-A267-D591059D311B}
		{41F386C9-C2B4-4466-8017-8A13D457F331} = {02EA681E-C7D8-13C7-8484-4AC65E1B71E8}
	EndGlobalSection
	GlobalSection(ExtensibilityGlobals) = postSolution
		SolutionGuid = {69CBFCB1-A75F-4E23-B216-954ADF7055B6}
	EndGlobalSection
EndGlobal
